PODS:
  - SDWebImage (5.12.0):
    - SDWebImage/Core (= 5.12.0)
  - SDWebImage/Core (5.12.0)
  - SDWebImageSwiftUI (2.0.2):
    - SDWebImage (~> 5.10)

DEPENDENCIES:
  - SDWebImageSwiftUI

SPEC REPOS:
  trunk:
    - SDWebImage
    - SDWebImageSwiftUI

SPEC CHECKSUMS:
  SDWebImage: 4ea20cca2986adc5aacde07aa686742fd4c67a37
  SDWebImageSwiftUI: 8a3923c95108312b03a599ec1498754af55a6819

PODFILE CHECKSUM: 7edc6d815ed6e05a3f37c797b536d629eeb2fc32

COCOAPODS: 1.12.0
